
Microsoft Visual Studio Solution File, Format Version 12.00
# Visual Studio 2012
Project("{FAE04EC0-301F-11D3-BF4B-00C04F79EFBC}") = "UptimeSharp.OldClassLib", "UptimeSharp.OldClassLib\UptimeSharp.OldClassLib.csproj", "{AF900ACF-DC2A-40AC-9614-B7C8C12E114C}"
EndProject
Project("{FAE04EC0-301F-11D3-BF4B-00C04F79EFBC}") = "UptimeSharp.Tests", "UptimeSharp.Tests\UptimeSharp.Tests.csproj", "{7AB536B7-1A99-44A7-B5AA-E36E9C7F09F4}"
EndProject
Global
	GlobalSection(SolutionConfigurationPlatforms) = preSolution
		Debug|Any CPU = Debug|Any CPU
		Release|Any CPU = Release|Any CPU
	EndGlobalSection
	GlobalSection(ProjectConfigurationPlatforms) = postSolution
		{AF900ACF-DC2A-40AC-9614-B7C8C12E114C}.Debug|Any CPU.ActiveCfg = Debug|Any CPU
		{AF900ACF-DC2A-40AC-9614-B7C8C12E114C}.Debug|Any CPU.Build.0 = Debug|Any CPU
		{AF900ACF-DC2A-40AC-9614-B7C8C12E114C}.Release|Any CPU.ActiveCfg = Release|Any CPU
		{AF900ACF-DC2A-40AC-9614-B7C8C12E114C}.Release|Any CPU.Build.0 = Release|Any CPU
		{7AB536B7-1A99-44A7-B5AA-E36E9C7F09F4}.Debug|Any CPU.ActiveCfg = Debug|Any CPU
		{7AB536B7-1A99-44A7-B5AA-E36E9C7F09F4}.Debug|Any CPU.Build.0 = Debug|Any CPU
		{7AB536B7-1A99-44A7-B5AA-E36E9C7F09F4}.Release|Any CPU.ActiveCfg = Release|Any CPU
		{7AB536B7-1A99-44A7-B5AA-E36E9C7F09F4}.Release|Any CPU.Build.0 = Release|Any CPU
	EndGlobalSection
	GlobalSection(SolutionProperties) = preSolution
		HideSolutionNode = FALSE
	EndGlobalSection
EndGlobal
