
Microsoft Visual Studio Solution File, Format Version 12.00
# Visual Studio 2012
Project("{FAE04EC0-301F-11D3-BF4B-00C04F79EFBC}") = "UptimeSharp", "UptimeSharp\UptimeSharp.csproj", "{AF900ACF-DC2A-40AC-9614-B7C8C12E114C}"
EndProject
Project("{FAE04EC0-301F-11D3-BF4B-00C04F79EFBC}") = "UptimeSharp.Console", "UptimeSharp.Console\UptimeSharp.Console.csproj", "{CDA2493E-AF18-4D75-84B6-CDA4CCBE733F}"
EndProject
Global
	GlobalSection(SolutionConfigurationPlatforms) = preSolution
		Debug|Any CPU = Debug|Any CPU
		Release|Any CPU = Release|Any CPU
	EndGlobalSection
	GlobalSection(ProjectConfigurationPlatforms) = postSolution
		{AF900ACF-DC2A-40AC-9614-B7C8C12E114C}.Debug|Any CPU.ActiveCfg = Debug|Any CPU
		{AF900ACF-DC2A-40AC-9614-B7C8C12E114C}.Debug|Any CPU.Build.0 = Debug|Any CPU
		{AF900ACF-DC2A-40AC-9614-B7C8C12E114C}.Release|Any CPU.ActiveCfg = Release|Any CPU
		{AF900ACF-DC2A-40AC-9614-B7C8C12E114C}.Release|Any CPU.Build.0 = Release|Any CPU
		{CDA2493E-AF18-4D75-84B6-CDA4CCBE733F}.Debug|Any CPU.ActiveCfg = Debug|Any CPU
		{CDA2493E-AF18-4D75-84B6-CDA4CCBE733F}.Debug|Any CPU.Build.0 = Debug|Any CPU
		{CDA2493E-AF18-4D75-84B6-CDA4CCBE733F}.Release|Any CPU.ActiveCfg = Release|Any CPU
		{CDA2493E-AF18-4D75-84B6-CDA4CCBE733F}.Release|Any CPU.Build.0 = Release|Any CPU
	EndGlobalSection
	GlobalSection(SolutionProperties) = preSolution
		HideSolutionNode = FALSE
	EndGlobalSection
EndGlobal
